# THIS IS AN AUTOGENERATED FILE. DO NOT EDIT THIS FILE DIRECTLY.
# yarn lockfile v1


bootstrap3@^3.3.5:
  version "3.3.5"
  resolved "https://registry.yarnpkg.com/bootstrap3/-/bootstrap3-3.3.5.tgz#496a4ef6c087214fa96838196d60de645e82591a"
  integrity sha1-SWpO9sCHIU+paDgZbWDeZF6CWRo=

font-awesome@^4.7.0:
  version "4.7.0"
  resolved "https://registry.yarnpkg.com/font-awesome/-/font-awesome-4.7.0.tgz#8fa8cf0411a1a31afd07b06d2902bb9fc815a133"
  integrity sha1-j6jPBBGhoxr9B7BtKQK7n8gVoTM=

jquery@^3.6.0:
  version "3.6.0"
  resolved "https://registry.yarnpkg.com/jquery/-/jquery-3.6.0.tgz#c72a09f15c1bdce142f49dbf1170bdf8adac2470"
  integrity sha512-JVzAR/AjBvVt2BmYhxRCSYysDsPcssdmTFnzyLEts9qNwmjmu4JTAMYubEfwVOSwpQ1I1sKKFcxhZCI2buerfw==

mobile-detect@^1.4.5:
  version "1.4.5"
  resolved "https://registry.yarnpkg.com/mobile-detect/-/mobile-detect-1.4.5.tgz#da393c3c413ca1a9bcdd9ced653c38281c0fb6ad"
  integrity sha512-yc0LhH6tItlvfLBugVUEtgawwFU2sIe+cSdmRJJCTMZ5GEJyLxNyC/NIOAOGk67Fa8GNpOttO3Xz/1bHpXFD/g==
